
Microsoft Visual Studio Solution File, Format Version 12.00
# Visual Studio 15
VisualStudioVersion = 15.0.28307.168
MinimumVisualStudioVersion = 10.0.40219.1
Project("{FAE04EC0-301F-11D3-BF4B-00C04F79EFBC}") = "04_Login", "04_Login\04_Login.csproj", "{9E0E90F1-8219-4933-9E9F-CC9BA81993DB}"
EndProject
Global
	GlobalSection(SolutionConfigurationPlatforms) = preSolution
		Debug|Any CPU = Debug|Any CPU
		Release|Any CPU = Release|Any CPU
	EndGlobalSection
	GlobalSection(ProjectConfigurationPlatforms) = postSolution
		{9E0E90F1-8219-4933-9E9F-CC9BA81993DB}.Debug|Any CPU.ActiveCfg = Debug|Any CPU
		{9E0E90F1-8219-4933-9E9F-CC9BA81993DB}.Debug|Any CPU.Build.0 = Debug|Any CPU
		{9E0E90F1-8219-4933-9E9F-CC9BA81993DB}.Release|Any CPU.ActiveCfg = Release|Any CPU
		{9E0E90F1-8219-4933-9E9F-CC9BA81993DB}.Release|Any CPU.Build.0 = Release|Any CPU
	EndGlobalSection
	GlobalSection(SolutionProperties) = preSolution
		HideSolutionNode = FALSE
	EndGlobalSection
	GlobalSection(ExtensibilityGlobals) = postSolution
		SolutionGuid = {913A8C24-09B8-4704-8D2D-11DF0381E0CF}
	EndGlobalSection
EndGlobal
