
Microsoft Visual Studio Solution File, Format Version 12.00
# Visual Studio 15
VisualStudioVersion = 15.0.28307.168
MinimumVisualStudioVersion = 10.0.40219.1
Project("{FAE04EC0-301F-11D3-BF4B-00C04F79EFBC}") = "01_Minimum", "01_Minimum\01_Minimum.csproj", "{07EFCB89-B806-47F7-B5C0-393AC4611818}"
EndProject
Global
	GlobalSection(SolutionConfigurationPlatforms) = preSolution
		Debug|Any CPU = Debug|Any CPU
		Release|Any CPU = Release|Any CPU
	EndGlobalSection
	GlobalSection(ProjectConfigurationPlatforms) = postSolution
		{07EFCB89-B806-47F7-B5C0-393AC4611818}.Debug|Any CPU.ActiveCfg = Debug|Any CPU
		{07EFCB89-B806-47F7-B5C0-393AC4611818}.Debug|Any CPU.Build.0 = Debug|Any CPU
		{07EFCB89-B806-47F7-B5C0-393AC4611818}.Release|Any CPU.ActiveCfg = Release|Any CPU
		{07EFCB89-B806-47F7-B5C0-393AC4611818}.Release|Any CPU.Build.0 = Release|Any CPU
	EndGlobalSection
	GlobalSection(SolutionProperties) = preSolution
		HideSolutionNode = FALSE
	EndGlobalSection
	GlobalSection(ExtensibilityGlobals) = postSolution
		SolutionGuid = {FC164DC2-D426-46CE-976C-65363FA3BB03}
	EndGlobalSection
EndGlobal
