
Microsoft Visual Studio Solution File, Format Version 12.00
# Visual Studio 15
VisualStudioVersion = 15.0.28307.329
MinimumVisualStudioVersion = 10.0.40219.1
Project("{FAE04EC0-301F-11D3-BF4B-00C04F79EFBC}") = "03_Collections", "03_Collections\03_Collections.csproj", "{0E11F989-79BA-4500-A0D9-F8402D5BF773}"
EndProject
Global
	GlobalSection(SolutionConfigurationPlatforms) = preSolution
		Debug|Any CPU = Debug|Any CPU
		Release|Any CPU = Release|Any CPU
	EndGlobalSection
	GlobalSection(ProjectConfigurationPlatforms) = postSolution
		{0E11F989-79BA-4500-A0D9-F8402D5BF773}.Debug|Any CPU.ActiveCfg = Debug|Any CPU
		{0E11F989-79BA-4500-A0D9-F8402D5BF773}.Debug|Any CPU.Build.0 = Debug|Any CPU
		{0E11F989-79BA-4500-A0D9-F8402D5BF773}.Release|Any CPU.ActiveCfg = Release|Any CPU
		{0E11F989-79BA-4500-A0D9-F8402D5BF773}.Release|Any CPU.Build.0 = Release|Any CPU
	EndGlobalSection
	GlobalSection(SolutionProperties) = preSolution
		HideSolutionNode = FALSE
	EndGlobalSection
	GlobalSection(ExtensibilityGlobals) = postSolution
		SolutionGuid = {27401F34-1A84-4E67-AE30-7A9451EA8781}
	EndGlobalSection
EndGlobal
