
Microsoft Visual Studio Solution File, Format Version 12.00
# Visual Studio 15
VisualStudioVersion = 15.0.28307.168
MinimumVisualStudioVersion = 10.0.40219.1
Project("{FAE04EC0-301F-11D3-BF4B-00C04F79EFBC}") = "02_BMI_Calculator", "02_BMI_Calculator\02_BMI_Calculator.csproj", "{FABE28A5-E296-4C50-82C5-06A8B323DEFD}"
EndProject
Global
	GlobalSection(SolutionConfigurationPlatforms) = preSolution
		Debug|Any CPU = Debug|Any CPU
		Release|Any CPU = Release|Any CPU
	EndGlobalSection
	GlobalSection(ProjectConfigurationPlatforms) = postSolution
		{FABE28A5-E296-4C50-82C5-06A8B323DEFD}.Debug|Any CPU.ActiveCfg = Debug|Any CPU
		{FABE28A5-E296-4C50-82C5-06A8B323DEFD}.Debug|Any CPU.Build.0 = Debug|Any CPU
		{FABE28A5-E296-4C50-82C5-06A8B323DEFD}.Release|Any CPU.ActiveCfg = Release|Any CPU
		{FABE28A5-E296-4C50-82C5-06A8B323DEFD}.Release|Any CPU.Build.0 = Release|Any CPU
	EndGlobalSection
	GlobalSection(SolutionProperties) = preSolution
		HideSolutionNode = FALSE
	EndGlobalSection
	GlobalSection(ExtensibilityGlobals) = postSolution
		SolutionGuid = {8CF11D1B-F17A-4B33-AF4B-FBC8608960AA}
	EndGlobalSection
EndGlobal
