
Microsoft Visual Studio Solution File, Format Version 12.00
# Visual Studio 15
VisualStudioVersion = 15.0.28307.168
MinimumVisualStudioVersion = 10.0.40219.1
Project("{FAE04EC0-301F-11D3-BF4B-00C04F79EFBC}") = "05_BMI_Calculator", "05_BMI_Calculator\05_BMI_Calculator.csproj", "{FE7EB7A2-E025-4A4E-9C5B-853DDB5C9048}"
EndProject
Global
	GlobalSection(SolutionConfigurationPlatforms) = preSolution
		Debug|Any CPU = Debug|Any CPU
		Release|Any CPU = Release|Any CPU
	EndGlobalSection
	GlobalSection(ProjectConfigurationPlatforms) = postSolution
		{FE7EB7A2-E025-4A4E-9C5B-853DDB5C9048}.Debug|Any CPU.ActiveCfg = Debug|Any CPU
		{FE7EB7A2-E025-4A4E-9C5B-853DDB5C9048}.Debug|Any CPU.Build.0 = Debug|Any CPU
		{FE7EB7A2-E025-4A4E-9C5B-853DDB5C9048}.Release|Any CPU.ActiveCfg = Release|Any CPU
		{FE7EB7A2-E025-4A4E-9C5B-853DDB5C9048}.Release|Any CPU.Build.0 = Release|Any CPU
	EndGlobalSection
	GlobalSection(SolutionProperties) = preSolution
		HideSolutionNode = FALSE
	EndGlobalSection
	GlobalSection(ExtensibilityGlobals) = postSolution
		SolutionGuid = {DC391DA0-9E5D-4C6F-888C-149BB8347235}
	EndGlobalSection
EndGlobal
